{
    "_meta": {
        "hash": {
            "sha256": "e6caf7827529e777d57666a77cbb6722f9058bc502d8a37e072bdc390b0d501e"
        },
        "pipfile-spec": 6,
        "requires": {
            "python_version": "3.7"
        },
        "sources": [
            {
                "name": "pypi",
                "url": "https://pypi.org/simple",
                "verify_ssl": true
            }
        ]
    },
    "default": {
        "getch": {
            "hashes": [
                "sha256:a6c22717c10051ce65b8fb7bddb171af705b1175e694a73be956990f6089d8b1"
            ],
            "index": "pypi",
            "version": "==1.0"
        },
        "termcolor": {
            "hashes": [
                "sha256:1d6d69ce66211143803fbc56652b41d73b4a400a2891d7bf7a1cdf4c02de613b"
            ],
            "index": "pypi",
            "version": "==1.1.0"
        }
    },
    "develop": {}
}
